{
  "name": "from-data-to-sound",
  "version": "1.0.0",
  "lockfileVersion": 2,
  "requires": true,
  "packages": {
    "": {
      "name": "from-data-to-sound",
      "version": "1.0.0",
      "license": "MIT",
      "dependencies": {
        "scribbletune": "^0.11.2"
      }
    },
    "node_modules/jsmidgen": {
      "version": "0.1.5",
      "resolved": "https://registry.npmjs.org/jsmidgen/-/jsmidgen-0.1.5.tgz",
      "integrity": "sha1-rQr9Y3XrEvUQZAJTk847rsOAWF0="
    },
    "node_modules/scribbletune": {
      "version": "0.11.2",
      "resolved": "https://registry.npmjs.org/scribbletune/-/scribbletune-0.11.2.tgz",
      "integrity": "sha1-qidmopIfgw3xIAZXiLm3kkn3kIM=",
      "dependencies": {
        "jsmidgen": "~0.1.4"
      },
      "engines": {
        "node": ">6.x.x"
      }
    }
  },
  "dependencies": {
    "jsmidgen": {
      "version": "0.1.5",
      "resolved": "https://registry.npmjs.org/jsmidgen/-/jsmidgen-0.1.5.tgz",
      "integrity": "sha1-rQr9Y3XrEvUQZAJTk847rsOAWF0="
    },
    "scribbletune": {
      "version": "0.11.2",
      "resolved": "https://registry.npmjs.org/scribbletune/-/scribbletune-0.11.2.tgz",
      "integrity": "sha1-qidmopIfgw3xIAZXiLm3kkn3kIM=",
      "requires": {
        "jsmidgen": "~0.1.4"
      }
    }
  }
}
